
Microsoft Visual Studio Solution File, Format Version 12.00
Project("{2150E333-8FDC-42A3-9474-1A3956D46DE8}") = "src", "src", "{AECB115B-9FD6-41F9-AFBB-F1E8565CFCE7}"
EndProject
Project("{2150E333-8FDC-42A3-9474-1A3956D46DE8}") = "UI", "UI", "{E5C4BCC7-5A8C-4968-8E6A-1C9CEB06F2DC}"
EndProject
Project("{FAE04EC0-301F-11D3-BF4B-00C04F79EFBC}") = "MvcTest.MVC", "MvcTest.MVC\MvcTest.MVC.csproj", "{38FE54C0-DDC0-4ADC-B281-E03C7639F2B9}"
EndProject
Project("{2150E333-8FDC-42A3-9474-1A3956D46DE8}") = "Core", "Core", "{B9B1C3ED-EF7F-4D25-B8BF-3FD1B3185D4D}"
EndProject
Project("{2150E333-8FDC-42A3-9474-1A3956D46DE8}") = "Infrastructure", "Infrastructure", "{53DA6BE3-C827-4418-844F-7F19E0DFF248}"
EndProject
Project("{FAE04EC0-301F-11D3-BF4B-00C04F79EFBC}") = "MvcTest.Domain", "MvcTest.Domain\MvcTest.Domain.csproj", "{E789DDE7-F8CE-4D0C-81C0-276035DE9866}"
EndProject
Project("{FAE04EC0-301F-11D3-BF4B-00C04F79EFBC}") = "MvcTest.Application", "MvcTest.Application\MvcTest.Application.csproj", "{8D718085-8DF6-4374-8082-F0D183E45B59}"
EndProject
Project("{FAE04EC0-301F-11D3-BF4B-00C04F79EFBC}") = "MvcTest.Persistence", "MvcTest.Persistence\MvcTest.Persistence.csproj", "{9EFBE69D-47A2-4714-9454-61629A57EAC0}"
EndProject
Global
	GlobalSection(SolutionConfigurationPlatforms) = preSolution
		Debug|Any CPU = Debug|Any CPU
		Release|Any CPU = Release|Any CPU
	EndGlobalSection
	GlobalSection(NestedProjects) = preSolution
		{E5C4BCC7-5A8C-4968-8E6A-1C9CEB06F2DC} = {AECB115B-9FD6-41F9-AFBB-F1E8565CFCE7}
		{38FE54C0-DDC0-4ADC-B281-E03C7639F2B9} = {E5C4BCC7-5A8C-4968-8E6A-1C9CEB06F2DC}
		{B9B1C3ED-EF7F-4D25-B8BF-3FD1B3185D4D} = {AECB115B-9FD6-41F9-AFBB-F1E8565CFCE7}
		{53DA6BE3-C827-4418-844F-7F19E0DFF248} = {AECB115B-9FD6-41F9-AFBB-F1E8565CFCE7}
		{E789DDE7-F8CE-4D0C-81C0-276035DE9866} = {B9B1C3ED-EF7F-4D25-B8BF-3FD1B3185D4D}
		{8D718085-8DF6-4374-8082-F0D183E45B59} = {B9B1C3ED-EF7F-4D25-B8BF-3FD1B3185D4D}
		{9EFBE69D-47A2-4714-9454-61629A57EAC0} = {53DA6BE3-C827-4418-844F-7F19E0DFF248}
	EndGlobalSection
	GlobalSection(ProjectConfigurationPlatforms) = postSolution
		{38FE54C0-DDC0-4ADC-B281-E03C7639F2B9}.Debug|Any CPU.ActiveCfg = Debug|Any CPU
		{38FE54C0-DDC0-4ADC-B281-E03C7639F2B9}.Debug|Any CPU.Build.0 = Debug|Any CPU
		{38FE54C0-DDC0-4ADC-B281-E03C7639F2B9}.Release|Any CPU.ActiveCfg = Release|Any CPU
		{38FE54C0-DDC0-4ADC-B281-E03C7639F2B9}.Release|Any CPU.Build.0 = Release|Any CPU
		{E789DDE7-F8CE-4D0C-81C0-276035DE9866}.Debug|Any CPU.ActiveCfg = Debug|Any CPU
		{E789DDE7-F8CE-4D0C-81C0-276035DE9866}.Debug|Any CPU.Build.0 = Debug|Any CPU
		{E789DDE7-F8CE-4D0C-81C0-276035DE9866}.Release|Any CPU.ActiveCfg = Release|Any CPU
		{E789DDE7-F8CE-4D0C-81C0-276035DE9866}.Release|Any CPU.Build.0 = Release|Any CPU
		{8D718085-8DF6-4374-8082-F0D183E45B59}.Debug|Any CPU.ActiveCfg = Debug|Any CPU
		{8D718085-8DF6-4374-8082-F0D183E45B59}.Debug|Any CPU.Build.0 = Debug|Any CPU
		{8D718085-8DF6-4374-8082-F0D183E45B59}.Release|Any CPU.ActiveCfg = Release|Any CPU
		{8D718085-8DF6-4374-8082-F0D183E45B59}.Release|Any CPU.Build.0 = Release|Any CPU
		{9EFBE69D-47A2-4714-9454-61629A57EAC0}.Debug|Any CPU.ActiveCfg = Debug|Any CPU
		{9EFBE69D-47A2-4714-9454-61629A57EAC0}.Debug|Any CPU.Build.0 = Debug|Any CPU
		{9EFBE69D-47A2-4714-9454-61629A57EAC0}.Release|Any CPU.ActiveCfg = Release|Any CPU
		{9EFBE69D-47A2-4714-9454-61629A57EAC0}.Release|Any CPU.Build.0 = Release|Any CPU
	EndGlobalSection
EndGlobal
